<?xml version="1.0" encoding="utf-8"?>
<Project ToolsVersion="4.0" xmlns="http://schemas.microsoft.com/developer/msbuild/2003">
  <ItemGroup>
    <Filter Include="Form Files">
      <UniqueIdentifier>{99349809-55BA-4b9d-BF79-8FDBB0286EB3}</UniqueIdentifier>
      <Extensions>ui</Extensions>
      <ParseFiles>false</ParseFiles>
    </Filter>
    <Filter Include="Form Files">
      <UniqueIdentifier>{99349809-55BA-4b9d-BF79-8FDBB0286EB3}</UniqueIdentifier>
      <Extensions>ui</Extensions>
      <ParseFiles>false</ParseFiles>
    </Filter>
    <Filter Include="Generated Files">
      <UniqueIdentifier>{71ED8ED8-ACB9-4CE9-BBE1-E00B30144E11}</UniqueIdentifier>
      <Extensions>cpp;c;cxx;moc;h;def;odl;idl;res;</Extensions>
    </Filter>
    <Filter Include="Generated Files">
      <UniqueIdentifier>{71ED8ED8-ACB9-4CE9-BBE1-E00B30144E11}</UniqueIdentifier>
      <Extensions>cpp;c;cxx;moc;h;def;odl;idl;res;</Extensions>
    </Filter>
    <Filter Include="Header Files">
      <UniqueIdentifier>{93995380-89BD-4b04-88EB-625FBE52EBFB}</UniqueIdentifier>
      <Extensions>h;hpp;hxx;hm;inl;inc;xsd</Extensions>
    </Filter>
    <Filter Include="Header Files">
      <UniqueIdentifier>{93995380-89BD-4b04-88EB-625FBE52EBFB}</UniqueIdentifier>
      <Extensions>h;hpp;hxx;hm;inl;inc;xsd</Extensions>
    </Filter>
    <Filter Include="Source Files">
      <UniqueIdentifier>{4FC737F1-C7A5-4376-A066-2A32D752A2FF}</UniqueIdentifier>
      <Extensions>cpp;c;cxx;def;odl;idl;hpj;bat;asm;asmx</Extensions>
    </Filter>
    <Filter Include="Source Files">
      <UniqueIdentifier>{4FC737F1-C7A5-4376-A066-2A32D752A2FF}</UniqueIdentifier>
      <Extensions>cpp;c;cxx;def;odl;idl;hpj;bat;asm;asmx</Extensions>
    </Filter>
  </ItemGroup>
  <ItemGroup>
    <ClCompile Include="qvge\CAttribute.cpp">
      <Filter>Source Files</Filter>
    </ClCompile>
    <ClCompile Include="common\CAttributeEditor.cpp">
      <Filter>Source Files</Filter>
    </ClCompile>
    <ClCompile Include="ds\CBranchEditorScene.cpp">
      <Filter>Source Files</Filter>
    </ClCompile>
    <ClCompile Include="common\CCommutationTable.cpp">
      <Filter>Source Files</Filter>
    </ClCompile>
    <ClCompile Include="qvge\CConnection.cpp">
      <Filter>Source Files</Filter>
    </ClCompile>
    <ClCompile Include="qvge\CEditorScene.cpp">
      <Filter>Source Files</Filter>
    </ClCompile>
    <ClCompile Include="qvge\CEditorView.cpp">
      <Filter>Source Files</Filter>
    </ClCompile>
    <ClCompile Include="qvge\CFileSerializerGEXF.cpp">
      <Filter>Source Files</Filter>
    </ClCompile>
    <ClCompile Include="ds\CFileSerializerGR.cpp">
      <Filter>Source Files</Filter>
    </ClCompile>
    <ClCompile Include="qvge\CFileSerializerGraphML.cpp">
      <Filter>Source Files</Filter>
    </ClCompile>
    <ClCompile Include="simu\graph_om\CGraphSimulator.cpp">
      <Filter>Source Files</Filter>
    </ClCompile>
    <ClCompile Include="simu\graph_om\CGraphSimulatorDialog.cpp">
      <Filter>Source Files</Filter>
    </ClCompile>
    <ClCompile Include="qvge\CItem.cpp">
      <Filter>Source Files</Filter>
    </ClCompile>
    <ClCompile Include="common\CItemAttributeEditor.cpp">
      <Filter>Source Files</Filter>
    </ClCompile>
    <ClCompile Include="simu\mpisch\CMPISimulator.cpp">
      <Filter>Source Files</Filter>
    </ClCompile>
    <ClCompile Include="simu\mpisch\CMPISimulatorDialog.cpp">
      <Filter>Source Files</Filter>
    </ClCompile>
    <ClCompile Include="common\CNewAttributeDialog.cpp">
      <Filter>Source Files</Filter>
    </ClCompile>
    <ClCompile Include="qvge\CNode.cpp">
      <Filter>Source Files</Filter>
    </ClCompile>
    <ClCompile Include="qvge\CNodeEditorScene.cpp">
      <Filter>Source Files</Filter>
    </ClCompile>
    <ClCompile Include="qvge\CSimpleUndoManager.cpp">
      <Filter>Source Files</Filter>
    </ClCompile>
    <ClCompile Include="qvge\CTextLabel.cpp">
      <Filter>Source Files</Filter>
    </ClCompile>
    <ClCompile Include="qvge\Utils.cpp">
      <Filter>Source Files</Filter>
    </ClCompile>
    <ClCompile Include="simu\graph_om\graph.cpp">
      <Filter>Source Files</Filter>
    </ClCompile>
    <ClCompile Include="ds\main.cpp">
      <Filter>Source Files</Filter>
    </ClCompile>
    <ClCompile Include="ds\mainwindow.cpp">
      <Filter>Source Files</Filter>
    </ClCompile>
  </ItemGroup>
  <ItemGroup>
    <ClInclude Include="qvge\CAttribute.h">
      <Filter>Header Files</Filter>
    </ClInclude>
    <CustomBuild Include="common\CAttributeEditor.h">
      <Filter>Header Files</Filter>
    </CustomBuild>
    <CustomBuild Include="ds\CBranchEditorScene.h">
      <Filter>Header Files</Filter>
    </CustomBuild>
    <CustomBuild Include="common\CCommutationTable.h">
      <Filter>Header Files</Filter>
    </CustomBuild>
    <ClInclude Include="qvge\CConnection.h">
      <Filter>Header Files</Filter>
    </ClInclude>
    <CustomBuild Include="qvge\CEditorScene.h">
      <Filter>Header Files</Filter>
    </CustomBuild>
    <ClInclude Include="qvge\CEditorView.h">
      <Filter>Header Files</Filter>
    </ClInclude>
    <ClInclude Include="qvge\CFileSerializerGEXF.h">
      <Filter>Header Files</Filter>
    </ClInclude>
    <ClInclude Include="ds\CFileSerializerGR.h">
      <Filter>Header Files</Filter>
    </ClInclude>
    <ClInclude Include="qvge\CFileSerializerGraphML.h">
      <Filter>Header Files</Filter>
    </ClInclude>
    <CustomBuild Include="simu\graph_om\CGraphSimulator.h">
      <Filter>Header Files</Filter>
    </CustomBuild>
    <CustomBuild Include="simu\graph_om\CGraphSimulatorDialog.h">
      <Filter>Header Files</Filter>
    </CustomBuild>
    <ClInclude Include="qvge\CItem.h">
      <Filter>Header Files</Filter>
    </ClInclude>
    <CustomBuild Include="common\CItemAttributeEditor.h">
      <Filter>Header Files</Filter>
    </CustomBuild>
    <CustomBuild Include="simu\mpisch\CMPISimulator.h">
      <Filter>Header Files</Filter>
    </CustomBuild>
    <CustomBuild Include="simu\mpisch\CMPISimulatorDialog.h">
      <Filter>Header Files</Filter>
    </CustomBuild>
    <CustomBuild Include="common\CNewAttributeDialog.h">
      <Filter>Header Files</Filter>
    </CustomBuild>
    <ClInclude Include="qvge\CNode.h">
      <Filter>Header Files</Filter>
    </ClInclude>
    <CustomBuild Include="qvge\CNodeEditorScene.h">
      <Filter>Header Files</Filter>
    </CustomBuild>
    <ClInclude Include="qvge\CSimpleUndoManager.h">
      <Filter>Header Files</Filter>
    </ClInclude>
    <ClInclude Include="qvge\CTextLabel.h">
      <Filter>Header Files</Filter>
    </ClInclude>
    <ClInclude Include="qvge\IFileSerializer.h">
      <Filter>Header Files</Filter>
    </ClInclude>
    <ClInclude Include="simu\ILogger.h">
      <Filter>Header Files</Filter>
    </ClInclude>
    <ClInclude Include="simu\ISimulator.h">
      <Filter>Header Files</Filter>
    </ClInclude>
    <ClInclude Include="simu\ISimulatorEngine.h">
      <Filter>Header Files</Filter>
    </ClInclude>
    <ClInclude Include="qvge\IUndoManager.h">
      <Filter>Header Files</Filter>
    </ClInclude>
    <ClInclude Include="qvge\Properties.h">
      <Filter>Header Files</Filter>
    </ClInclude>
    <ClInclude Include="qvge\Utils.h">
      <Filter>Header Files</Filter>
    </ClInclude>
    <ClInclude Include="simu\graph_om\graph.h">
      <Filter>Header Files</Filter>
    </ClInclude>
    <CustomBuild Include="ds\mainwindow.h">
      <Filter>Header Files</Filter>
    </CustomBuild>
  </ItemGroup>
  <ItemGroup>
    <ClCompile Include="debug\moc_CAttributeEditor.cpp">
      <Filter>Generated Files</Filter>
    </ClCompile>
    <ClCompile Include="release\moc_CAttributeEditor.cpp">
      <Filter>Generated Files</Filter>
    </ClCompile>
    <ClCompile Include="debug\moc_CBranchEditorScene.cpp">
      <Filter>Generated Files</Filter>
    </ClCompile>
    <ClCompile Include="release\moc_CBranchEditorScene.cpp">
      <Filter>Generated Files</Filter>
    </ClCompile>
    <ClCompile Include="debug\moc_CCommutationTable.cpp">
      <Filter>Generated Files</Filter>
    </ClCompile>
    <ClCompile Include="release\moc_CCommutationTable.cpp">
      <Filter>Generated Files</Filter>
    </ClCompile>
    <ClCompile Include="debug\moc_CEditorScene.cpp">
      <Filter>Generated Files</Filter>
    </ClCompile>
    <ClCompile Include="release\moc_CEditorScene.cpp">
      <Filter>Generated Files</Filter>
    </ClCompile>
    <ClCompile Include="debug\moc_CGraphSimulator.cpp">
      <Filter>Generated Files</Filter>
    </ClCompile>
    <ClCompile Include="release\moc_CGraphSimulator.cpp">
      <Filter>Generated Files</Filter>
    </ClCompile>
    <ClCompile Include="debug\moc_CGraphSimulatorDialog.cpp">
      <Filter>Generated Files</Filter>
    </ClCompile>
    <ClCompile Include="release\moc_CGraphSimulatorDialog.cpp">
      <Filter>Generated Files</Filter>
    </ClCompile>
    <ClCompile Include="debug\moc_CItemAttributeEditor.cpp">
      <Filter>Generated Files</Filter>
    </ClCompile>
    <ClCompile Include="release\moc_CItemAttributeEditor.cpp">
      <Filter>Generated Files</Filter>
    </ClCompile>
    <ClCompile Include="debug\moc_CMPISimulator.cpp">
      <Filter>Generated Files</Filter>
    </ClCompile>
    <ClCompile Include="release\moc_CMPISimulator.cpp">
      <Filter>Generated Files</Filter>
    </ClCompile>
    <ClCompile Include="debug\moc_CMPISimulatorDialog.cpp">
      <Filter>Generated Files</Filter>
    </ClCompile>
    <ClCompile Include="release\moc_CMPISimulatorDialog.cpp">
      <Filter>Generated Files</Filter>
    </ClCompile>
    <ClCompile Include="debug\moc_CNewAttributeDialog.cpp">
      <Filter>Generated Files</Filter>
    </ClCompile>
    <ClCompile Include="release\moc_CNewAttributeDialog.cpp">
      <Filter>Generated Files</Filter>
    </ClCompile>
    <ClCompile Include="debug\moc_CNodeEditorScene.cpp">
      <Filter>Generated Files</Filter>
    </ClCompile>
    <ClCompile Include="release\moc_CNodeEditorScene.cpp">
      <Filter>Generated Files</Filter>
    </ClCompile>
    <ClCompile Include="debug\moc_mainwindow.cpp">
      <Filter>Generated Files</Filter>
    </ClCompile>
    <ClCompile Include="release\moc_mainwindow.cpp">
      <Filter>Generated Files</Filter>
    </ClCompile>
    <ClInclude Include="ui_CAttributeEditor.h">
      <Filter>Generated Files</Filter>
    </ClInclude>
    <ClInclude Include="ui_CCommutationTable.h">
      <Filter>Generated Files</Filter>
    </ClInclude>
    <ClInclude Include="ui_CGraphSimulatorDialog.h">
      <Filter>Generated Files</Filter>
    </ClInclude>
    <ClInclude Include="ui_CItemAttributeEditor.h">
      <Filter>Generated Files</Filter>
    </ClInclude>
    <ClInclude Include="ui_CMPISimulatorDialog.h">
      <Filter>Generated Files</Filter>
    </ClInclude>
    <ClInclude Include="ui_CNewAttributeDialog.h">
      <Filter>Generated Files</Filter>
    </ClInclude>
    <ClInclude Include="ui_mainwindow.h">
      <Filter>Generated Files</Filter>
    </ClInclude>
  </ItemGroup>
  <ItemGroup>
    <CustomBuild Include="common\CAttributeEditor.ui">
      <Filter>Form Files</Filter>
    </CustomBuild>
    <CustomBuild Include="common\CCommutationTable.ui">
      <Filter>Form Files</Filter>
    </CustomBuild>
    <CustomBuild Include="simu\graph_om\CGraphSimulatorDialog.ui">
      <Filter>Form Files</Filter>
    </CustomBuild>
    <CustomBuild Include="common\CItemAttributeEditor.ui">
      <Filter>Form Files</Filter>
    </CustomBuild>
    <CustomBuild Include="simu\mpisch\CMPISimulatorDialog.ui">
      <Filter>Form Files</Filter>
    </CustomBuild>
    <CustomBuild Include="common\CNewAttributeDialog.ui">
      <Filter>Form Files</Filter>
    </CustomBuild>
    <CustomBuild Include="ds\mainwindow.ui">
      <Filter>Form Files</Filter>
    </CustomBuild>
  </ItemGroup>
</Project>